// !$*UTF8*$!
{
	archiveVersion = 1;
	classes = {
	};
	objectVersion = 46;
	objects = {

/* Begin PBXBuildFile section */
		4197CCB21E7714E20019A5F3 /* AppDelegate.swift in Sources */ = {isa = PBXBuildFile; fileRef = 4197CCB11E7714E20019A5F3 /* AppDelegate.swift */; };
		4197CCB41E7714E20019A5F3 /* ViewController.swift in Sources */ = {isa = PBXBuildFile; fileRef = 4197CCB31E7714E20019A5F3 /* ViewController.swift */; };
		4197CCB71E7714E20019A5F3 /* Main.storyboard in Resources */ = {isa = PBXBuildFile; fileRef = 4197CCB51E7714E20019A5F3 /* Main.storyboard */; };
		4197CCB91E7714E20019A5F3 /* Assets.xcassets in Resources */ = {isa = PBXBuildFile; fileRef = 4197CCB81E7714E20019A5F3 /* Assets.xcassets */; };
		4197CCBC1E7714E20019A5F3 /* LaunchScreen.storyboard in Resources */ = {isa = PBXBuildFile; fileRef = 4197CCBA1E7714E20019A5F3 /* LaunchScreen.storyboard */; };
		4197CCC71E7714E30019A5F3 /* TipCalculatorTests.swift in Sources */ = {isa = PBXBuildFile; fileRef = 4197CCC61E7714E30019A5F3 /* TipCalculatorTests.swift */; };
		4197CCD21E7714E30019A5F3 /* TipCalculatorUITests.swift in Sources */ = {isa = PBXBuildFile; fileRef = 4197CCD11E7714E30019A5F3 /* TipCalculatorUITests.swift */; };
		4197CCE01E77430D0019A5F3 /* SettingsViewController.swift in Sources */ = {isa = PBXBuildFile; fileRef = 4197CCDF1E77430D0019A5F3 /* SettingsViewController.swift */; settings = {ASSET_TAGS = (); }; };
/* End PBXBuildFile section */

/* Begin PBXContainerItemProxy section */
		4197CCC31E7714E30019A5F3 /* PBXContainerItemProxy */ = {
			isa = PBXContainerItemProxy;
			containerPortal = 4197CCA61E7714E20019A5F3 /* Project object */;
			proxyType = 1;
			remoteGlobalIDString = 4197CCAD1E7714E20019A5F3;
			remoteInfo = TipCalculator;
		};
		4197CCCE1E7714E30019A5F3 /* PBXContainerItemProxy */ = {
			isa = PBXContainerItemProxy;
			containerPortal = 4197CCA61E7714E20019A5F3 /* Project object */;
			proxyType = 1;
			remoteGlobalIDString = 4197CCAD1E7714E20019A5F3;
			remoteInfo = TipCalculator;
		};
/* End PBXContainerItemProxy section */

/* Begin PBXFileReference section */
		4197CCAE1E7714E20019A5F3 /* TipCalculator.app */ = {isa = PBXFileReference; explicitFileType = wrapper.application; includeInIndex = 0; path = TipCalculator.app; sourceTree = BUILT_PRODUCTS_DIR; };
		4197CCB11E7714E20019A5F3 /* AppDelegate.swift */ = {isa = PBXFileReference; lastKnownFileType = sourcecode.swift; path = AppDelegate.swift; sourceTree = "<group>"; };
		4197CCB31E7714E20019A5F3 /* ViewController.swift */ = {isa = PBXFileReference; lastKnownFileType = sourcecode.swift; path = ViewController.swift; sourceTree = "<group>"; };
		4197CCB61E7714E20019A5F3 /* Base */ = {isa = PBXFileReference; lastKnownFileType = file.storyboard; name = Base; path = Base.lproj/Main.storyboard; sourceTree = "<group>"; };
		4197CCB81E7714E20019A5F3 /* Assets.xcassets */ = {isa = PBXFileReference; lastKnownFileType = folder.assetcatalog; path = Assets.xcassets; sourceTree = "<group>"; };
		4197CCBB1E7714E20019A5F3 /* Base */ = {isa = PBXFileReference; lastKnownFileType = file.storyboard; name = Base; path = Base.lproj/LaunchScreen.storyboard; sourceTree = "<group>"; };
		4197CCBD1E7714E20019A5F3 /* Info.plist */ = {isa = PBXFileReference; lastKnownFileType = text.plist.xml; path = Info.plist; sourceTree = "<group>"; };
		4197CCC21E7714E30019A5F3 /* TipCalculatorTests.xctest */ = {isa = PBXFileReference; explicitFileType = wrapper.cfbundle; includeInIndex = 0; path = TipCalculatorTests.xctest; sourceTree = BUILT_PRODUCTS_DIR; };
		4197CCC61E7714E30019A5F3 /* TipCalculatorTests.swift */ = {isa = PBXFileReference; lastKnownFileType = sourcecode.swift; path = TipCalculatorTests.swift; sourceTree = "<group>"; };
		4197CCC81E7714E30019A5F3 /* Info.plist */ = {isa = PBXFileReference; lastKnownFileType = text.plist.xml; path = Info.plist; sourceTree = "<group>"; };
		4197CCCD1E7714E30019A5F3 /* TipCalculatorUITests.xctest */ = {isa = PBXFileReference; explicitFileType = wrapper.cfbundle; includeInIndex = 0; path = TipCalculatorUITests.xctest; sourceTree = BUILT_PRODUCTS_DIR; };
		4197CCD11E7714E30019A5F3 /* TipCalculatorUITests.swift */ = {isa = PBXFileReference; lastKnownFileType = sourcecode.swift; path = TipCalculatorUITests.swift; sourceTree = "<group>"; };
		4197CCD31E7714E30019A5F3 /* Info.plist */ = {isa = PBXFileReference; lastKnownFileType = text.plist.xml; path = Info.plist; sourceTree = "<group>"; };
		4197CCDF1E77430D0019A5F3 /* SettingsViewController.swift */ = {isa = PBXFileReference; fileEncoding = 4; lastKnownFileType = sourcecode.swift; path = SettingsViewController.swift; sourceTree = "<group>"; };
/* End PBXFileReference section */

/* Begin PBXFrameworksBuildPhase section */
		4197CCAB1E7714E20019A5F3 /* Frameworks */ = {
			isa = PBXFrameworksBuildPhase;
			buildActionMask = 2147483647;
			files = (
			);
			runOnlyForDeploymentPostprocessing = 0;
		};
		4197CCBF1E7714E30019A5F3 /* Frameworks */ = {
			isa = PBXFrameworksBuildPhase;
			buildActionMask = 2147483647;
			files = (
			);
			runOnlyForDeploymentPostprocessing = 0;
		};
		4197CCCA1E7714E30019A5F3 /* Frameworks */ = {
			isa = PBXFrameworksBuildPhase;
			buildActionMask = 2147483647;
			files = (
			);
			runOnlyForDeploymentPostprocessing = 0;
		};
/* End PBXFrameworksBuildPhase section */

/* Begin PBXGroup section */
		4197CCA51E7714E20019A5F3 = {
			isa = PBXGroup;
			children = (
				4197CCB01E7714E20019A5F3 /* TipCalculator */,
				4197CCC51E7714E30019A5F3 /* TipCalculatorTests */,
				4197CCD01E7714E30019A5F3 /* TipCalculatorUITests */,
				4197CCAF1E7714E20019A5F3 /* Products */,
			);
			sourceTree = "<group>";
		};
		4197CCAF1E7714E20019A5F3 /* Products */ = {
			isa = PBXGroup;
			children = (
				4197CCAE1E7714E20019A5F3 /* TipCalculator.app */,
				4197CCC21E7714E30019A5F3 /* TipCalculatorTests.xctest */,
				4197CCCD1E7714E30019A5F3 /* TipCalculatorUITests.xctest */,
			);
			name = Products;
			sourceTree = "<group>";
		};
		4197CCB01E7714E20019A5F3 /* TipCalculator */ = {
			isa = PBXGroup;
			children = (
				4197CCB11E7714E20019A5F3 /* AppDelegate.swift */,
				4197CCB31E7714E20019A5F3 /* ViewController.swift */,
				4197CCB51E7714E20019A5F3 /* Main.storyboard */,
				4197CCDF1E77430D0019A5F3 /* SettingsViewController.swift */,
				4197CCB81E7714E20019A5F3 /* Assets.xcassets */,
				4197CCBA1E7714E20019A5F3 /* LaunchScreen.storyboard */,
				4197CCBD1E7714E20019A5F3 /* Info.plist */,
			);
			path = TipCalculator;
			sourceTree = "<group>";
		};
		4197CCC51E7714E30019A5F3 /* TipCalculatorTests */ = {
			isa = PBXGroup;
			children = (
				4197CCC61E7714E30019A5F3 /* TipCalculatorTests.swift */,
				4197CCC81E7714E30019A5F3 /* Info.plist */,
			);
			path = TipCalculatorTests;
			sourceTree = "<group>";
		};
		4197CCD01E7714E30019A5F3 /* TipCalculatorUITests */ = {
			isa = PBXGroup;
			children = (
				4197CCD11E7714E30019A5F3 /* TipCalculatorUITests.swift */,
				4197CCD31E7714E30019A5F3 /* Info.plist */,
			);
			path = TipCalculatorUITests;
			sourceTree = "<group>";
		};
/* End PBXGroup section */

/* Begin PBXNativeTarget section */
		4197CCAD1E7714E20019A5F3 /* TipCalculator */ = {
			isa = PBXNativeTarget;
			buildConfigurationList = 4197CCD61E7714E30019A5F3 /* Build configuration list for PBXNativeTarget "TipCalculator" */;
			buildPhases = (
				4197CCAA1E7714E20019A5F3 /* Sources */,
				4197CCAB1E7714E20019A5F3 /* Frameworks */,
				4197CCAC1E7714E20019A5F3 /* Resources */,
			);
			buildRules = (
			);
			dependencies = (
			);
			name = TipCalculator;
			productName = TipCalculator;
			productReference = 4197CCAE1E7714E20019A5F3 /* TipCalculator.app */;
			productType = "com.apple.product-type.application";
		};
		4197CCC11E7714E30019A5F3 /* TipCalculatorTests */ = {
			isa = PBXNativeTarget;
			buildConfigurationList = 4197CCD91E7714E30019A5F3 /* Build configuration list for PBXNativeTarget "TipCalculatorTests" */;
			buildPhases = (
				4197CCBE1E7714E30019A5F3 /* Sources */,
				4197CCBF1E7714E30019A5F3 /* Frameworks */,
				4197CCC01E7714E30019A5F3 /* Resources */,
			);
			buildRules = (
			);
			dependencies = (
				4197CCC41E7714E30019A5F3 /* PBXTargetDependency */,
			);
			name = TipCalculatorTests;
			productName = TipCalculatorTests;
			productReference = 4197CCC21E7714E30019A5F3 /* TipCalculatorTests.xctest */;
			productType = "com.apple.product-type.bundle.unit-test";
		};
		4197CCCC1E7714E30019A5F3 /* TipCalculatorUITests */ = {
			isa = PBXNativeTarget;
			buildConfigurationList = 4197CCDC1E7714E30019A5F3 /* Build configuration list for PBXNativeTarget "TipCalculatorUITests" */;
			buildPhases = (
				4197CCC91E7714E30019A5F3 /* Sources */,
				4197CCCA1E7714E30019A5F3 /* Frameworks */,
				4197CCCB1E7714E30019A5F3 /* Resources */,
			);
			buildRules = (
			);
			dependencies = (
				4197CCCF1E7714E30019A5F3 /* PBXTargetDependency */,
			);
			name = TipCalculatorUITests;
			productName = TipCalculatorUITests;
			productReference = 4197CCCD1E7714E30019A5F3 /* TipCalculatorUITests.xctest */;
			productType = "com.apple.product-type.bundle.ui-testing";
		};
/* End PBXNativeTarget section */

/* Begin PBXProject section */
		4197CCA61E7714E20019A5F3 /* Project object */ = {
			isa = PBXProject;
			attributes = {
				KnownAssetTags = (
					New,
				);
				LastUpgradeCheck = 0700;
				ORGANIZATIONNAME = "Rupali Solanki";
				TargetAttributes = {
					4197CCAD1E7714E20019A5F3 = {
						CreatedOnToolsVersion = 7.0;
					};
					4197CCC11E7714E30019A5F3 = {
						CreatedOnToolsVersion = 7.0;
						TestTargetID = 4197CCAD1E7714E20019A5F3;
					};
					4197CCCC1E7714E30019A5F3 = {
						CreatedOnToolsVersion = 7.0;
						TestTargetID = 4197CCAD1E7714E20019A5F3;
					};
				};
			};
			buildConfigurationList = 4197CCA91E7714E20019A5F3 /* Build configuration list for PBXProject "TipCalculator" */;
			compatibilityVersion = "Xcode 3.2";
			developmentRegion = English;
			hasScannedForEncodings = 0;
			knownRegions = (
				en,
				Base,
			);
			mainGroup = 4197CCA51E7714E20019A5F3;
			productRefGroup = 4197CCAF1E7714E20019A5F3 /* Products */;
			projectDirPath = "";
			projectRoot = "";
			targets = (
				4197CCAD1E7714E20019A5F3 /* TipCalculator */,
				4197CCC11E7714E30019A5F3 /* TipCalculatorTests */,
				4197CCCC1E7714E30019A5F3 /* TipCalculatorUITests */,
			);
		};
/* End PBXProject section */

/* Begin PBXResourcesBuildPhase section */
		4197CCAC1E7714E20019A5F3 /* Resources */ = {
			isa = PBXResourcesBuildPhase;
			buildActionMask = 2147483647;
			files = (
				4197CCBC1E7714E20019A5F3 /* LaunchScreen.storyboard in Resources */,
				4197CCB91E7714E20019A5F3 /* Assets.xcassets in Resources */,
				4197CCB71E7714E20019A5F3 /* Main.storyboard in Resources */,
			);
			runOnlyForDeploymentPostprocessing = 0;
		};
		4197CCC01E7714E30019A5F3 /* Resources */ = {
			isa = PBXResourcesBuildPhase;
			buildActionMask = 2147483647;
			files = (
			);
			runOnlyForDeploymentPostprocessing = 0;
		};
		4197CCCB1E7714E30019A5F3 /* Resources */ = {
			isa = PBXResourcesBuildPhase;
			buildActionMask = 2147483647;
			files = (
			);
			runOnlyForDeploymentPostprocessing = 0;
		};
/* End PBXResourcesBuildPhase section */

/* Begin PBXSourcesBuildPhase section */
		4197CCAA1E7714E20019A5F3 /* Sources */ = {
			isa = PBXSourcesBuildPhase;
			buildActionMask = 2147483647;
			files = (
				4197CCB41E7714E20019A5F3 /* ViewController.swift in Sources */,
				4197CCB21E7714E20019A5F3 /* AppDelegate.swift in Sources */,
				4197CCE01E77430D0019A5F3 /* SettingsViewController.swift in Sources */,
			);
			runOnlyForDeploymentPostprocessing = 0;
		};
		4197CCBE1E7714E30019A5F3 /* Sources */ = {
			isa = PBXSourcesBuildPhase;
			buildActionMask = 2147483647;
			files = (
				4197CCC71E7714E30019A5F3 /* TipCalculatorTests.swift in Sources */,
			);
			runOnlyForDeploymentPostprocessing = 0;
		};
		4197CCC91E7714E30019A5F3 /* Sources */ = {
			isa = PBXSourcesBuildPhase;
			buildActionMask = 2147483647;
			files = (
				4197CCD21E7714E30019A5F3 /* TipCalculatorUITests.swift in Sources */,
			);
			runOnlyForDeploymentPostprocessing = 0;
		};
/* End PBXSourcesBuildPhase section */

/* Begin PBXTargetDependency section */
		4197CCC41E7714E30019A5F3 /* PBXTargetDependency */ = {
			isa = PBXTargetDependency;
			target = 4197CCAD1E7714E20019A5F3 /* TipCalculator */;
			targetProxy = 4197CCC31E7714E30019A5F3 /* PBXContainerItemProxy */;
		};
		4197CCCF1E7714E30019A5F3 /* PBXTargetDependency */ = {
			isa = PBXTargetDependency;
			target = 4197CCAD1E7714E20019A5F3 /* TipCalculator */;
			targetProxy = 4197CCCE1E7714E30019A5F3 /* PBXContainerItemProxy */;
		};
/* End PBXTargetDependency section */

/* Begin PBXVariantGroup section */
		4197CCB51E7714E20019A5F3 /* Main.storyboard */ = {
			isa = PBXVariantGroup;
			children = (
				4197CCB61E7714E20019A5F3 /* Base */,
			);
			name = Main.storyboard;
			sourceTree = "<group>";
		};
		4197CCBA1E7714E20019A5F3 /* LaunchScreen.storyboard */ = {
			isa = PBXVariantGroup;
			children = (
				4197CCBB1E7714E20019A5F3 /* Base */,
			);
			name = LaunchScreen.storyboard;
			sourceTree = "<group>";
		};
/* End PBXVariantGroup section */

/* Begin XCBuildConfiguration section */
		4197CCD41E7714E30019A5F3 /* Debug */ = {
			isa = XCBuildConfiguration;
			buildSettings = {
				ALWAYS_SEARCH_USER_PATHS = NO;
				CLANG_CXX_LANGUAGE_STANDARD = "gnu++0x";
				CLANG_CXX_LIBRARY = "libc++";
				CLANG_ENABLE_MODULES = YES;
				CLANG_ENABLE_OBJC_ARC = YES;
				CLANG_WARN_BOOL_CONVERSION = YES;
				CLANG_WARN_CONSTANT_CONVERSION = YES;
				CLANG_WARN_DIRECT_OBJC_ISA_USAGE = YES_ERROR;
				CLANG_WARN_EMPTY_BODY = YES;
				CLANG_WARN_ENUM_CONVERSION = YES;
				CLANG_WARN_INT_CONVERSION = YES;
				CLANG_WARN_OBJC_ROOT_CLASS = YES_ERROR;
				CLANG_WARN_UNREACHABLE_CODE = YES;
				CLANG_WARN__DUPLICATE_METHOD_MATCH = YES;
				"CODE_SIGN_IDENTITY[sdk=iphoneos*]" = "iPhone Developer";
				COPY_PHASE_STRIP = NO;
				DEBUG_INFORMATION_FORMAT = dwarf;
				ENABLE_STRICT_OBJC_MSGSEND = YES;
				ENABLE_TESTABILITY = YES;
				GCC_C_LANGUAGE_STANDARD = gnu99;
				GCC_DYNAMIC_NO_PIC = NO;
				GCC_NO_COMMON_BLOCKS = YES;
				GCC_OPTIMIZATION_LEVEL = 0;
				GCC_PREPROCESSOR_DEFINITIONS = (
					"DEBUG=1",
					"$(inherited)",
				);
				GCC_WARN_64_TO_32_BIT_CONVERSION = YES;
				GCC_WARN_ABOUT_RETURN_TYPE = YES_ERROR;
				GCC_WARN_UNDECLARED_SELECTOR = YES;
				GCC_WARN_UNINITIALIZED_AUTOS = YES_AGGRESSIVE;
				GCC_WARN_UNUSED_FUNCTION = YES;
				GCC_WARN_UNUSED_VARIABLE = YES;
				IPHONEOS_DEPLOYMENT_TARGET = 9.0;
				MTL_ENABLE_DEBUG_INFO = YES;
				ONLY_ACTIVE_ARCH = YES;
				SDKROOT = iphoneos;
				SWIFT_OPTIMIZATION_LEVEL = "-Onone";
			};
			name = Debug;
		};
		4197CCD51E7714E30019A5F3 /* Release */ = {
			isa = XCBuildConfiguration;
			buildSettings = {
				ALWAYS_SEARCH_USER_PATHS = NO;
				CLANG_CXX_LANGUAGE_STANDARD = "gnu++0x";
				CLANG_CXX_LIBRARY = "libc++";
				CLANG_ENABLE_MODULES = YES;
				CLANG_ENABLE_OBJC_ARC = YES;
				CLANG_WARN_BOOL_CONVERSION = YES;
				CLANG_WARN_CONSTANT_CONVERSION = YES;
				CLANG_WARN_DIRECT_OBJC_ISA_USAGE = YES_ERROR;
				CLANG_WARN_EMPTY_BODY = YES;
				CLANG_WARN_ENUM_CONVERSION = YES;
				CLANG_WARN_INT_CONVERSION = YES;
				CLANG_WARN_OBJC_ROOT_CLASS = YES_ERROR;
				CLANG_WARN_UNREACHABLE_CODE = YES;
				CLANG_WARN__DUPLICATE_METHOD_MATCH = YES;
				"CODE_SIGN_IDENTITY[sdk=iphoneos*]" = "iPhone Developer";
				COPY_PHASE_STRIP = NO;
				DEBUG_INFORMATION_FORMAT = "dwarf-with-dsym";
				ENABLE_NS_ASSERTIONS = NO;
				ENABLE_STRICT_OBJC_MSGSEND = YES;
				GCC_C_LANGUAGE_STANDARD = gnu99;
				GCC_NO_COMMON_BLOCKS = YES;
				GCC_WARN_64_TO_32_BIT_CONVERSION = YES;
				GCC_WARN_ABOUT_RETURN_TYPE = YES_ERROR;
				GCC_WARN_UNDECLARED_SELECTOR = YES;
				GCC_WARN_UNINITIALIZED_AUTOS = YES_AGGRESSIVE;
				GCC_WARN_UNUSED_FUNCTION = YES;
				GCC_WARN_UNUSED_VARIABLE = YES;
				IPHONEOS_DEPLOYMENT_TARGET = 9.0;
				MTL_ENABLE_DEBUG_INFO = NO;
				SDKROOT = iphoneos;
				VALIDATE_PRODUCT = YES;
			};
			name = Release;
		};
		4197CCD71E7714E30019A5F3 /* Debug */ = {
			isa = XCBuildConfiguration;
			buildSettings = {
				ASSETCATALOG_COMPILER_APPICON_NAME = AppIcon;
				INFOPLIST_FILE = TipCalculator/Info.plist;
				IPHONEOS_DEPLOYMENT_TARGET = 9.0;
				LD_RUNPATH_SEARCH_PATHS = "$(inherited) @executable_path/Frameworks";
				PRODUCT_BUNDLE_IDENTIFIER = RS.TipCalculator;
				PRODUCT_NAME = "$(TARGET_NAME)";
			};
			name = Debug;
		};
		4197CCD81E7714E30019A5F3 /* Release */ = {
			isa = XCBuildConfiguration;
			buildSettings = {
				ASSETCATALOG_COMPILER_APPICON_NAME = AppIcon;
				INFOPLIST_FILE = TipCalculator/Info.plist;
				IPHONEOS_DEPLOYMENT_TARGET = 9.0;
				LD_RUNPATH_SEARCH_PATHS = "$(inherited) @executable_path/Frameworks";
				PRODUCT_BUNDLE_IDENTIFIER = RS.TipCalculator;
				PRODUCT_NAME = "$(TARGET_NAME)";
			};
			name = Release;
		};
		4197CCDA1E7714E30019A5F3 /* Debug */ = {
			isa = XCBuildConfiguration;
			buildSettings = {
				BUNDLE_LOADER = "$(TEST_HOST)";
				INFOPLIST_FILE = TipCalculatorTests/Info.plist;
				LD_RUNPATH_SEARCH_PATHS = "$(inherited) @executable_path/Frameworks @loader_path/Frameworks";
				PRODUCT_BUNDLE_IDENTIFIER = RS.TipCalculatorTests;
				PRODUCT_NAME = "$(TARGET_NAME)";
				TEST_HOST = "$(BUILT_PRODUCTS_DIR)/TipCalculator.app/TipCalculator";
			};
			name = Debug;
		};
		4197CCDB1E7714E30019A5F3 /* Release */ = {
			isa = XCBuildConfiguration;
			buildSettings = {
				BUNDLE_LOADER = "$(TEST_HOST)";
				INFOPLIST_FILE = TipCalculatorTests/Info.plist;
				LD_RUNPATH_SEARCH_PATHS = "$(inherited) @executable_path/Frameworks @loader_path/Frameworks";
				PRODUCT_BUNDLE_IDENTIFIER = RS.TipCalculatorTests;
				PRODUCT_NAME = "$(TARGET_NAME)";
				TEST_HOST = "$(BUILT_PRODUCTS_DIR)/TipCalculator.app/TipCalculator";
			};
			name = Release;
		};
		4197CCDD1E7714E30019A5F3 /* Debug */ = {
			isa = XCBuildConfiguration;
			buildSettings = {
				INFOPLIST_FILE = TipCalculatorUITests/Info.plist;
				LD_RUNPATH_SEARCH_PATHS = "$(inherited) @executable_path/Frameworks @loader_path/Frameworks";
				PRODUCT_BUNDLE_IDENTIFIER = RS.TipCalculatorUITests;
				PRODUCT_NAME = "$(TARGET_NAME)";
				TEST_TARGET_NAME = TipCalculator;
				USES_XCTRUNNER = YES;
			};
			name = Debug;
		};
		4197CCDE1E7714E30019A5F3 /* Release */ = {
			isa = XCBuildConfiguration;
			buildSettings = {
				INFOPLIST_FILE = TipCalculatorUITests/Info.plist;
				LD_RUNPATH_SEARCH_PATHS = "$(inherited) @executable_path/Frameworks @loader_path/Frameworks";
				PRODUCT_BUNDLE_IDENTIFIER = RS.TipCalculatorUITests;
				PRODUCT_NAME = "$(TARGET_NAME)";
				TEST_TARGET_NAME = TipCalculator;
				USES_XCTRUNNER = YES;
			};
			name = Release;
		};
/* End XCBuildConfiguration section */

/* Begin XCConfigurationList section */
		4197CCA91E7714E20019A5F3 /* Build configuration list for PBXProject "TipCalculator" */ = {
			isa = XCConfigurationList;
			buildConfigurations = (
				4197CCD41E7714E30019A5F3 /* Debug */,
				4197CCD51E7714E30019A5F3 /* Release */,
			);
			defaultConfigurationIsVisible = 0;
			defaultConfigurationName = Release;
		};
		4197CCD61E7714E30019A5F3 /* Build configuration list for PBXNativeTarget "TipCalculator" */ = {
			isa = XCConfigurationList;
			buildConfigurations = (
				4197CCD71E7714E30019A5F3 /* Debug */,
				4197CCD81E7714E30019A5F3 /* Release */,
			);
			defaultConfigurationIsVisible = 0;
		};
		4197CCD91E7714E30019A5F3 /* Build configuration list for PBXNativeTarget "TipCalculatorTests" */ = {
			isa = XCConfigurationList;
			buildConfigurations = (
				4197CCDA1E7714E30019A5F3 /* Debug */,
				4197CCDB1E7714E30019A5F3 /* Release */,
			);
			defaultConfigurationIsVisible = 0;
		};
		4197CCDC1E7714E30019A5F3 /* Build configuration list for PBXNativeTarget "TipCalculatorUITests" */ = {
			isa = XCConfigurationList;
			buildConfigurations = (
				4197CCDD1E7714E30019A5F3 /* Debug */,
				4197CCDE1E7714E30019A5F3 /* Release */,
			);
			defaultConfigurationIsVisible = 0;
		};
/* End XCConfigurationList section */
	};
	rootObject = 4197CCA61E7714E20019A5F3 /* Project object */;
}
